
Microsoft Visual Studio Solution File, Format Version 12.00
# Visual Studio Version 16
VisualStudioVersion = 16.0.31605.320
MinimumVisualStudioVersion = 10.0.40219.1
Project("{F184B08F-C81C-45F6-A57F-5ABD9991F28F}") = "WebApplication1", "WebApplication1.vbproj", "{02F68078-E684-4BBD-BB54-D5A089A3F6E7}"
EndProject
Global
	GlobalSection(SolutionConfigurationPlatforms) = preSolution
		Debug|Any CPU = Debug|Any CPU
		Release|Any CPU = Release|Any CPU
	EndGlobalSection
	GlobalSection(ProjectConfigurationPlatforms) = postSolution
		{02F68078-E684-4BBD-BB54-D5A089A3F6E7}.Debug|Any CPU.ActiveCfg = Debug|Any CPU
		{02F68078-E684-4BBD-BB54-D5A089A3F6E7}.Debug|Any CPU.Build.0 = Debug|Any CPU
		{02F68078-E684-4BBD-BB54-D5A089A3F6E7}.Release|Any CPU.ActiveCfg = Release|Any CPU
		{02F68078-E684-4BBD-BB54-D5A089A3F6E7}.Release|Any CPU.Build.0 = Release|Any CPU
	EndGlobalSection
	GlobalSection(SolutionProperties) = preSolution
		HideSolutionNode = FALSE
	EndGlobalSection
	GlobalSection(ExtensibilityGlobals) = postSolution
		SolutionGuid = {B64D670F-DB3E-4F48-BF70-01C6B3EBC189}
	EndGlobalSection
EndGlobal
